
Microsoft Visual Studio Solution File, Format Version 12.00
# Visual Studio Version 17
VisualStudioVersion = 17.4.33403.182
MinimumVisualStudioVersion = 10.0.40219.1
Project("{FAE04EC0-301F-11D3-BF4B-00C04F79EFBC}") = "ServiceBusScheduler", "ServiceBusScheduler\ServiceBusScheduler.csproj", "{67A9036F-C18A-437F-B09C-71099FCDDFA2}"
EndProject
Global
	GlobalSection(SolutionConfigurationPlatforms) = preSolution
		Debug|Any CPU = Debug|Any CPU
		Release|Any CPU = Release|Any CPU
	EndGlobalSection
	GlobalSection(ProjectConfigurationPlatforms) = postSolution
		{67A9036F-C18A-437F-B09C-71099FCDDFA2}.Debug|Any CPU.ActiveCfg = Debug|Any CPU
		{67A9036F-C18A-437F-B09C-71099FCDDFA2}.Debug|Any CPU.Build.0 = Debug|Any CPU
		{67A9036F-C18A-437F-B09C-71099FCDDFA2}.Release|Any CPU.ActiveCfg = Release|Any CPU
		{67A9036F-C18A-437F-B09C-71099FCDDFA2}.Release|Any CPU.Build.0 = Release|Any CPU
	EndGlobalSection
	GlobalSection(SolutionProperties) = preSolution
		HideSolutionNode = FALSE
	EndGlobalSection
	GlobalSection(ExtensibilityGlobals) = postSolution
		SolutionGuid = {FE71E374-A1CC-41CC-9CA4-613112990F0F}
	EndGlobalSection
EndGlobal
